
Microsoft Visual Studio Solution File, Format Version 12.00
# Visual Studio Version 17
VisualStudioVersion = 17.9.34622.214
MinimumVisualStudioVersion = 10.0.40219.1
Project("{8BC9CEB8-8B4A-11D0-8D11-00A0C91BC942}") = "Client", "Client\Client.vcxproj", "{B832CF25-5086-49C9-A786-E369448B5A6A}"
EndProject
Project("{8BC9CEB8-8B4A-11D0-8D11-00A0C91BC942}") = "Server", "Server\Server.vcxproj", "{3A172645-3C2E-43CD-B39A-AADBE8B3CC31}"
EndProject
Global
	GlobalSection(SolutionConfigurationPlatforms) = preSolution
		Debug|x64 = Debug|x64
		Debug|x86 = Debug|x86
		Release|x64 = Release|x64
		Release|x86 = Release|x86
	EndGlobalSection
	GlobalSection(ProjectConfigurationPlatforms) = postSolution
		{B832CF25-5086-49C9-A786-E369448B5A6A}.Debug|x64.ActiveCfg = Debug|x64
		{B832CF25-5086-49C9-A786-E369448B5A6A}.Debug|x64.Build.0 = Debug|x64
		{B832CF25-5086-49C9-A786-E369448B5A6A}.Debug|x86.ActiveCfg = Debug|Win32
		{B832CF25-5086-49C9-A786-E369448B5A6A}.Debug|x86.Build.0 = Debug|Win32
		{B832CF25-5086-49C9-A786-E369448B5A6A}.Release|x64.ActiveCfg = Release|x64
		{B832CF25-5086-49C9-A786-E369448B5A6A}.Release|x64.Build.0 = Release|x64
		{B832CF25-5086-49C9-A786-E369448B5A6A}.Release|x86.ActiveCfg = Release|Win32
		{B832CF25-5086-49C9-A786-E369448B5A6A}.Release|x86.Build.0 = Release|Win32
		{3A172645-3C2E-43CD-B39A-AADBE8B3CC31}.Debug|x64.ActiveCfg = Debug|x64
		{3A172645-3C2E-43CD-B39A-AADBE8B3CC31}.Debug|x64.Build.0 = Debug|x64
		{3A172645-3C2E-43CD-B39A-AADBE8B3CC31}.Debug|x86.ActiveCfg = Debug|Win32
		{3A172645-3C2E-43CD-B39A-AADBE8B3CC31}.Debug|x86.Build.0 = Debug|Win32
		{3A172645-3C2E-43CD-B39A-AADBE8B3CC31}.Release|x64.ActiveCfg = Release|x64
		{3A172645-3C2E-43CD-B39A-AADBE8B3CC31}.Release|x64.Build.0 = Release|x64
		{3A172645-3C2E-43CD-B39A-AADBE8B3CC31}.Release|x86.ActiveCfg = Release|Win32
		{3A172645-3C2E-43CD-B39A-AADBE8B3CC31}.Release|x86.Build.0 = Release|Win32
	EndGlobalSection
	GlobalSection(SolutionProperties) = preSolution
		HideSolutionNode = FALSE
	EndGlobalSection
	GlobalSection(ExtensibilityGlobals) = postSolution
		SolutionGuid = {23A2EFDA-B4A4-4268-8173-DD6F2F8B95C0}
	EndGlobalSection
EndGlobal
